
Microsoft Visual Studio Solution File, Format Version 12.00
# Visual Studio Version 18
VisualStudioVersion = 18.0.11217.181 d18.0
MinimumVisualStudioVersion = 10.0.40219.1
Project("{FAE04EC0-301F-11D3-BF4B-00C04F79EFBC}") = "ValueTaskDemo", "ValueTaskDemo.csproj", "{A0D53F2D-5FF8-140B-3BD5-2ACCAF7ED51A}"
EndProject
Global
	GlobalSection(SolutionConfigurationPlatforms) = preSolution
		Debug|Any CPU = Debug|Any CPU
		Release|Any CPU = Release|Any CPU
	EndGlobalSection
	GlobalSection(ProjectConfigurationPlatforms) = postSolution
		{A0D53F2D-5FF8-140B-3BD5-2ACCAF7ED51A}.Debug|Any CPU.ActiveCfg = Debug|Any CPU
		{A0D53F2D-5FF8-140B-3BD5-2ACCAF7ED51A}.Debug|Any CPU.Build.0 = Debug|Any CPU
		{A0D53F2D-5FF8-140B-3BD5-2ACCAF7ED51A}.Release|Any CPU.ActiveCfg = Release|Any CPU
		{A0D53F2D-5FF8-140B-3BD5-2ACCAF7ED51A}.Release|Any CPU.Build.0 = Release|Any CPU
	EndGlobalSection
	GlobalSection(SolutionProperties) = preSolution
		HideSolutionNode = FALSE
	EndGlobalSection
	GlobalSection(ExtensibilityGlobals) = postSolution
		SolutionGuid = {1E517239-5844-4B1B-968E-DD06CD0FB2E7}
	EndGlobalSection
EndGlobal
