
Microsoft Visual Studio Solution File, Format Version 12.00
# Visual Studio Version 17
VisualStudioVersion = 17.14.36414.22 d17.14
MinimumVisualStudioVersion = 10.0.40219.1
Project("{FAE04EC0-301F-11D3-BF4B-00C04F79EFBC}") = "TaskWhenAllExceptionExample", "TaskWhenAllExceptionExample.csproj", "{0B3C8CC9-8E9D-C102-6BFD-E0268D352092}"
EndProject
Global
	GlobalSection(SolutionConfigurationPlatforms) = preSolution
		Debug|Any CPU = Debug|Any CPU
		Release|Any CPU = Release|Any CPU
	EndGlobalSection
	GlobalSection(ProjectConfigurationPlatforms) = postSolution
		{0B3C8CC9-8E9D-C102-6BFD-E0268D352092}.Debug|Any CPU.ActiveCfg = Debug|Any CPU
		{0B3C8CC9-8E9D-C102-6BFD-E0268D352092}.Debug|Any CPU.Build.0 = Debug|Any CPU
		{0B3C8CC9-8E9D-C102-6BFD-E0268D352092}.Release|Any CPU.ActiveCfg = Release|Any CPU
		{0B3C8CC9-8E9D-C102-6BFD-E0268D352092}.Release|Any CPU.Build.0 = Release|Any CPU
	EndGlobalSection
	GlobalSection(SolutionProperties) = preSolution
		HideSolutionNode = FALSE
	EndGlobalSection
	GlobalSection(ExtensibilityGlobals) = postSolution
		SolutionGuid = {E6FDA92D-D4FB-4CC8-87C0-439529251446}
	EndGlobalSection
EndGlobal
