
Microsoft Visual Studio Solution File, Format Version 12.00
# Visual Studio Version 17
VisualStudioVersion = 17.14.36414.22 d17.14
MinimumVisualStudioVersion = 10.0.40219.1
Project("{FAE04EC0-301F-11D3-BF4B-00C04F79EFBC}") = "WpfApp_wait_async", "WpfApp_wait_async\WpfApp_wait_async.csproj", "{3099B173-3723-4B02-94EE-3EBA83D17418}"
EndProject
Global
	GlobalSection(SolutionConfigurationPlatforms) = preSolution
		Debug|Any CPU = Debug|Any CPU
		Release|Any CPU = Release|Any CPU
	EndGlobalSection
	GlobalSection(ProjectConfigurationPlatforms) = postSolution
		{3099B173-3723-4B02-94EE-3EBA83D17418}.Debug|Any CPU.ActiveCfg = Debug|Any CPU
		{3099B173-3723-4B02-94EE-3EBA83D17418}.Debug|Any CPU.Build.0 = Debug|Any CPU
		{3099B173-3723-4B02-94EE-3EBA83D17418}.Release|Any CPU.ActiveCfg = Release|Any CPU
		{3099B173-3723-4B02-94EE-3EBA83D17418}.Release|Any CPU.Build.0 = Release|Any CPU
	EndGlobalSection
	GlobalSection(SolutionProperties) = preSolution
		HideSolutionNode = FALSE
	EndGlobalSection
	GlobalSection(ExtensibilityGlobals) = postSolution
		SolutionGuid = {696B6E1F-98AB-4073-8860-2ECA00332EE5}
	EndGlobalSection
EndGlobal
